
Microsoft Visual Studio Solution File, Format Version 12.00
# Visual Studio 2013
VisualStudioVersion = 12.0.31101.0
MinimumVisualStudioVersion = 10.0.40219.1
Project("{FAE04EC0-301F-11D3-BF4B-00C04F79EFBC}") = "Practica_07", "Practica_07\Practica_07.csproj", "{4840C44C-7737-4FB1-A795-13DBB2DE9738}"
EndProject
Global
	GlobalSection(TeamFoundationVersionControl) = preSolution
		SccNumberOfProjects = 2
		SccEnterpriseProvider = {4CA58AB2-18FA-4F8D-95D4-32DDF27D184C}
		SccTeamFoundationServer = http://150.214.150.139:8080/tfs/2014-pss-alumnos
		SccLocalPath0 = .
		SccProjectUniqueName1 = Practica_07\\Practica_07.csproj
		SccProjectName1 = Practica_07
		SccLocalPath1 = Practica_07
	EndGlobalSection
	GlobalSection(SolutionConfigurationPlatforms) = preSolution
		Debug|Any CPU = Debug|Any CPU
		Release|Any CPU = Release|Any CPU
	EndGlobalSection
	GlobalSection(ProjectConfigurationPlatforms) = postSolution
		{4840C44C-7737-4FB1-A795-13DBB2DE9738}.Debug|Any CPU.ActiveCfg = Debug|Any CPU
		{4840C44C-7737-4FB1-A795-13DBB2DE9738}.Debug|Any CPU.Build.0 = Debug|Any CPU
		{4840C44C-7737-4FB1-A795-13DBB2DE9738}.Release|Any CPU.ActiveCfg = Release|Any CPU
		{4840C44C-7737-4FB1-A795-13DBB2DE9738}.Release|Any CPU.Build.0 = Release|Any CPU
	EndGlobalSection
	GlobalSection(SolutionProperties) = preSolution
		HideSolutionNode = FALSE
	EndGlobalSection
EndGlobal
