
Microsoft Visual Studio Solution File, Format Version 12.00
# Visual Studio 2013
VisualStudioVersion = 12.0.31101.0
MinimumVisualStudioVersion = 10.0.40219.1
Project("{FAE04EC0-301F-11D3-BF4B-00C04F79EFBC}") = "BingoClassLibrary", "BingoClassLibrary\BingoClassLibrary.csproj", "{B1797488-F35E-434B-B60B-7474DB4201F1}"
EndProject
Project("{FAE04EC0-301F-11D3-BF4B-00C04F79EFBC}") = "BingoUnitTestProject", "BingoUnitTestProject\BingoUnitTestProject.csproj", "{62580926-12B0-42FC-966D-49D7D6E42081}"
EndProject
Global
	GlobalSection(TeamFoundationVersionControl) = preSolution
		SccNumberOfProjects = 3
		SccEnterpriseProvider = {4CA58AB2-18FA-4F8D-95D4-32DDF27D184C}
		SccTeamFoundationServer = http://150.214.150.139:8080/tfs/2014-pss-alumnos
		SccLocalPath0 = .
		SccProjectUniqueName1 = BingoClassLibrary\\BingoClassLibrary.csproj
		SccProjectName1 = BingoClassLibrary
		SccLocalPath1 = BingoClassLibrary
		SccProjectUniqueName2 = BingoUnitTestProject\\BingoUnitTestProject.csproj
		SccProjectName2 = BingoUnitTestProject
		SccLocalPath2 = BingoUnitTestProject
	EndGlobalSection
	GlobalSection(SolutionConfigurationPlatforms) = preSolution
		Debug|Any CPU = Debug|Any CPU
		Release|Any CPU = Release|Any CPU
	EndGlobalSection
	GlobalSection(ProjectConfigurationPlatforms) = postSolution
		{B1797488-F35E-434B-B60B-7474DB4201F1}.Debug|Any CPU.ActiveCfg = Debug|Any CPU
		{B1797488-F35E-434B-B60B-7474DB4201F1}.Debug|Any CPU.Build.0 = Debug|Any CPU
		{B1797488-F35E-434B-B60B-7474DB4201F1}.Release|Any CPU.ActiveCfg = Release|Any CPU
		{B1797488-F35E-434B-B60B-7474DB4201F1}.Release|Any CPU.Build.0 = Release|Any CPU
		{62580926-12B0-42FC-966D-49D7D6E42081}.Debug|Any CPU.ActiveCfg = Debug|Any CPU
		{62580926-12B0-42FC-966D-49D7D6E42081}.Debug|Any CPU.Build.0 = Debug|Any CPU
		{62580926-12B0-42FC-966D-49D7D6E42081}.Release|Any CPU.ActiveCfg = Release|Any CPU
		{62580926-12B0-42FC-966D-49D7D6E42081}.Release|Any CPU.Build.0 = Release|Any CPU
	EndGlobalSection
	GlobalSection(SolutionProperties) = preSolution
		HideSolutionNode = FALSE
	EndGlobalSection
EndGlobal
