
Microsoft Visual Studio Solution File, Format Version 12.00
# Visual Studio 2013
VisualStudioVersion = 12.0.31101.0
MinimumVisualStudioVersion = 10.0.40219.1
Project("{FAE04EC0-301F-11D3-BF4B-00C04F79EFBC}") = "ConsoleApp", "Practica_08\ConsoleApp.csproj", "{450A77FD-5B27-4F99-94DF-4C3B49226107}"
EndProject
Project("{FAE04EC0-301F-11D3-BF4B-00C04F79EFBC}") = "Model", "Model\Model.csproj", "{F50C69B0-530A-43F2-A7D7-EEAEE8427BC8}"
EndProject
Project("{FAE04EC0-301F-11D3-BF4B-00C04F79EFBC}") = "ConsultasTest", "ConsultasTest\ConsultasTest.csproj", "{0531E44E-7F34-431D-A478-2ACCBDB68C3C}"
EndProject
Global
	GlobalSection(TeamFoundationVersionControl) = preSolution
		SccNumberOfProjects = 4
		SccEnterpriseProvider = {4CA58AB2-18FA-4F8D-95D4-32DDF27D184C}
		SccTeamFoundationServer = http://150.214.150.139:8080/tfs/2014-pss-alumnos
		SccLocalPath0 = .
		SccProjectUniqueName1 = Practica_08\\ConsoleApp.csproj
		SccProjectName1 = Practica_08
		SccLocalPath1 = Practica_08
		SccProjectUniqueName2 = Model\\Model.csproj
		SccProjectName2 = Model
		SccLocalPath2 = Model
		SccProjectUniqueName3 = ConsultasTest\\ConsultasTest.csproj
		SccProjectName3 = ConsultasTest
		SccLocalPath3 = ConsultasTest
	EndGlobalSection
	GlobalSection(SolutionConfigurationPlatforms) = preSolution
		Debug|Any CPU = Debug|Any CPU
		Release|Any CPU = Release|Any CPU
	EndGlobalSection
	GlobalSection(ProjectConfigurationPlatforms) = postSolution
		{450A77FD-5B27-4F99-94DF-4C3B49226107}.Debug|Any CPU.ActiveCfg = Debug|Any CPU
		{450A77FD-5B27-4F99-94DF-4C3B49226107}.Debug|Any CPU.Build.0 = Debug|Any CPU
		{450A77FD-5B27-4F99-94DF-4C3B49226107}.Release|Any CPU.ActiveCfg = Release|Any CPU
		{450A77FD-5B27-4F99-94DF-4C3B49226107}.Release|Any CPU.Build.0 = Release|Any CPU
		{F50C69B0-530A-43F2-A7D7-EEAEE8427BC8}.Debug|Any CPU.ActiveCfg = Debug|Any CPU
		{F50C69B0-530A-43F2-A7D7-EEAEE8427BC8}.Debug|Any CPU.Build.0 = Debug|Any CPU
		{F50C69B0-530A-43F2-A7D7-EEAEE8427BC8}.Release|Any CPU.ActiveCfg = Release|Any CPU
		{F50C69B0-530A-43F2-A7D7-EEAEE8427BC8}.Release|Any CPU.Build.0 = Release|Any CPU
		{0531E44E-7F34-431D-A478-2ACCBDB68C3C}.Debug|Any CPU.ActiveCfg = Debug|Any CPU
		{0531E44E-7F34-431D-A478-2ACCBDB68C3C}.Debug|Any CPU.Build.0 = Debug|Any CPU
		{0531E44E-7F34-431D-A478-2ACCBDB68C3C}.Release|Any CPU.ActiveCfg = Release|Any CPU
		{0531E44E-7F34-431D-A478-2ACCBDB68C3C}.Release|Any CPU.Build.0 = Release|Any CPU
	EndGlobalSection
	GlobalSection(SolutionProperties) = preSolution
		HideSolutionNode = FALSE
	EndGlobalSection
EndGlobal
